
Microsoft Visual Studio Solution File, Format Version 12.00
# Visual Studio Version 16
VisualStudioVersion = 16.0.31410.357
MinimumVisualStudioVersion = 10.0.40219.1
Project("{FAE04EC0-301F-11D3-BF4B-00C04F79EFBC}") = "FoodsOrderAPI", "FoodsOrderAPI\FoodsOrderAPI.csproj", "{64F5006D-0EA0-4634-96B5-9725CB169AD7}"
EndProject
Global
	GlobalSection(SolutionConfigurationPlatforms) = preSolution
		Debug|Any CPU = Debug|Any CPU
		Release|Any CPU = Release|Any CPU
	EndGlobalSection
	GlobalSection(ProjectConfigurationPlatforms) = postSolution
		{64F5006D-0EA0-4634-96B5-9725CB169AD7}.Debug|Any CPU.ActiveCfg = Debug|Any CPU
		{64F5006D-0EA0-4634-96B5-9725CB169AD7}.Debug|Any CPU.Build.0 = Debug|Any CPU
		{64F5006D-0EA0-4634-96B5-9725CB169AD7}.Release|Any CPU.ActiveCfg = Release|Any CPU
		{64F5006D-0EA0-4634-96B5-9725CB169AD7}.Release|Any CPU.Build.0 = Release|Any CPU
	EndGlobalSection
	GlobalSection(SolutionProperties) = preSolution
		HideSolutionNode = FALSE
	EndGlobalSection
	GlobalSection(ExtensibilityGlobals) = postSolution
		SolutionGuid = {8BFEC505-23DF-4032-85A1-96EE5EFC616C}
	EndGlobalSection
EndGlobal
